
Microsoft Visual Studio Solution File, Format Version 12.00
# Visual Studio Version 17
VisualStudioVersion = 17.7.34018.315
MinimumVisualStudioVersion = 10.0.40219.1
Project("{FAE04EC0-301F-11D3-BF4B-00C04F79EFBC}") = "CapaPresentacion", "CapaPresentacion.csproj", "{972F611A-35A0-4A93-A063-05211E79B519}"
EndProject
Project("{FAE04EC0-301F-11D3-BF4B-00C04F79EFBC}") = "CapaDatos", "CapaDatos\CapaDatos.csproj", "{0E71629F-99CB-4CDD-B785-D21EBE71ABAB}"
EndProject
Project("{FAE04EC0-301F-11D3-BF4B-00C04F79EFBC}") = "CapaEntidad", "CapaEntidad\CapaEntidad.csproj", "{7C04878F-DD20-4565-9DA5-E5F6284E3F2B}"
EndProject
Project("{FAE04EC0-301F-11D3-BF4B-00C04F79EFBC}") = "CapaNegocio", "CapaNegocio\CapaNegocio.csproj", "{1549D6CA-67C2-4AF2-8F1B-568201B8D0FD}"
EndProject
Global
	GlobalSection(SolutionConfigurationPlatforms) = preSolution
		Debug|Any CPU = Debug|Any CPU
		Release|Any CPU = Release|Any CPU
	EndGlobalSection
	GlobalSection(ProjectConfigurationPlatforms) = postSolution
		{972F611A-35A0-4A93-A063-05211E79B519}.Debug|Any CPU.ActiveCfg = Debug|Any CPU
		{972F611A-35A0-4A93-A063-05211E79B519}.Debug|Any CPU.Build.0 = Debug|Any CPU
		{972F611A-35A0-4A93-A063-05211E79B519}.Release|Any CPU.ActiveCfg = Release|Any CPU
		{972F611A-35A0-4A93-A063-05211E79B519}.Release|Any CPU.Build.0 = Release|Any CPU
		{0E71629F-99CB-4CDD-B785-D21EBE71ABAB}.Debug|Any CPU.ActiveCfg = Debug|Any CPU
		{0E71629F-99CB-4CDD-B785-D21EBE71ABAB}.Debug|Any CPU.Build.0 = Debug|Any CPU
		{0E71629F-99CB-4CDD-B785-D21EBE71ABAB}.Release|Any CPU.ActiveCfg = Release|Any CPU
		{0E71629F-99CB-4CDD-B785-D21EBE71ABAB}.Release|Any CPU.Build.0 = Release|Any CPU
		{7C04878F-DD20-4565-9DA5-E5F6284E3F2B}.Debug|Any CPU.ActiveCfg = Debug|Any CPU
		{7C04878F-DD20-4565-9DA5-E5F6284E3F2B}.Debug|Any CPU.Build.0 = Debug|Any CPU
		{7C04878F-DD20-4565-9DA5-E5F6284E3F2B}.Release|Any CPU.ActiveCfg = Release|Any CPU
		{7C04878F-DD20-4565-9DA5-E5F6284E3F2B}.Release|Any CPU.Build.0 = Release|Any CPU
		{1549D6CA-67C2-4AF2-8F1B-568201B8D0FD}.Debug|Any CPU.ActiveCfg = Debug|Any CPU
		{1549D6CA-67C2-4AF2-8F1B-568201B8D0FD}.Debug|Any CPU.Build.0 = Debug|Any CPU
		{1549D6CA-67C2-4AF2-8F1B-568201B8D0FD}.Release|Any CPU.ActiveCfg = Release|Any CPU
		{1549D6CA-67C2-4AF2-8F1B-568201B8D0FD}.Release|Any CPU.Build.0 = Release|Any CPU
	EndGlobalSection
	GlobalSection(SolutionProperties) = preSolution
		HideSolutionNode = FALSE
	EndGlobalSection
	GlobalSection(ExtensibilityGlobals) = postSolution
		SolutionGuid = {1F981845-554B-4F29-9AF4-0034A31D5DB1}
	EndGlobalSection
EndGlobal
